
Microsoft Visual Studio Solution File, Format Version 12.00
# Visual Studio 15
VisualStudioVersion = 15.0.28307.106
MinimumVisualStudioVersion = 10.0.40219.1
Project("{FAE04EC0-301F-11D3-BF4B-00C04F79EFBC}") = "MyLib", "MyLib\MyLib.csproj", "{15197631-3071-4434-8D7A-58F07DD0754A}"
EndProject
Global
	GlobalSection(SolutionConfigurationPlatforms) = preSolution
		Debug|Any CPU = Debug|Any CPU
		Release|Any CPU = Release|Any CPU
	EndGlobalSection
	GlobalSection(ProjectConfigurationPlatforms) = postSolution
		{15197631-3071-4434-8D7A-58F07DD0754A}.Debug|Any CPU.ActiveCfg = Debug|Any CPU
		{15197631-3071-4434-8D7A-58F07DD0754A}.Debug|Any CPU.Build.0 = Debug|Any CPU
		{15197631-3071-4434-8D7A-58F07DD0754A}.Release|Any CPU.ActiveCfg = Release|Any CPU
		{15197631-3071-4434-8D7A-58F07DD0754A}.Release|Any CPU.Build.0 = Release|Any CPU
	EndGlobalSection
	GlobalSection(SolutionProperties) = preSolution
		HideSolutionNode = FALSE
	EndGlobalSection
	GlobalSection(ExtensibilityGlobals) = postSolution
		SolutionGuid = {48A399F1-37E3-4BDB-8F97-D44BF43D6D8E}
	EndGlobalSection
EndGlobal
